
Microsoft Visual Studio Solution File, Format Version 12.00
# Visual Studio Version 17
VisualStudioVersion = 17.14.36203.30 d17.14
MinimumVisualStudioVersion = 10.0.40219.1
Project("{FAE04EC0-301F-11D3-BF4B-00C04F79EFBC}") = "SmartBon API", "SmartBon API\SmartBon API.csproj", "{F8450BB2-B2D2-4B27-83B7-325308E63B29}"
EndProject
Project("{FAE04EC0-301F-11D3-BF4B-00C04F79EFBC}") = "Services", "Services\Services.csproj", "{1FDCCD0F-5642-4DB9-93F7-FDD379114418}"
EndProject
Project("{FAE04EC0-301F-11D3-BF4B-00C04F79EFBC}") = "Data", "Data\Data.csproj", "{12C311BE-850B-49E5-8F1D-773A753E9C16}"
EndProject
Project("{FAE04EC0-301F-11D3-BF4B-00C04F79EFBC}") = "Shared", "Shared\Shared.csproj", "{864E0DBD-B398-4D3A-AFCC-9903F51F4130}"
EndProject
Global
	GlobalSection(SolutionConfigurationPlatforms) = preSolution
		Debug|Any CPU = Debug|Any CPU
		Release|Any CPU = Release|Any CPU
	EndGlobalSection
	GlobalSection(ProjectConfigurationPlatforms) = postSolution
		{F8450BB2-B2D2-4B27-83B7-325308E63B29}.Debug|Any CPU.ActiveCfg = Debug|Any CPU
		{F8450BB2-B2D2-4B27-83B7-325308E63B29}.Debug|Any CPU.Build.0 = Debug|Any CPU
		{F8450BB2-B2D2-4B27-83B7-325308E63B29}.Release|Any CPU.ActiveCfg = Release|Any CPU
		{F8450BB2-B2D2-4B27-83B7-325308E63B29}.Release|Any CPU.Build.0 = Release|Any CPU
		{1FDCCD0F-5642-4DB9-93F7-FDD379114418}.Debug|Any CPU.ActiveCfg = Debug|Any CPU
		{1FDCCD0F-5642-4DB9-93F7-FDD379114418}.Debug|Any CPU.Build.0 = Debug|Any CPU
		{1FDCCD0F-5642-4DB9-93F7-FDD379114418}.Release|Any CPU.ActiveCfg = Release|Any CPU
		{1FDCCD0F-5642-4DB9-93F7-FDD379114418}.Release|Any CPU.Build.0 = Release|Any CPU
		{12C311BE-850B-49E5-8F1D-773A753E9C16}.Debug|Any CPU.ActiveCfg = Debug|Any CPU
		{12C311BE-850B-49E5-8F1D-773A753E9C16}.Debug|Any CPU.Build.0 = Debug|Any CPU
		{12C311BE-850B-49E5-8F1D-773A753E9C16}.Release|Any CPU.ActiveCfg = Release|Any CPU
		{12C311BE-850B-49E5-8F1D-773A753E9C16}.Release|Any CPU.Build.0 = Release|Any CPU
		{864E0DBD-B398-4D3A-AFCC-9903F51F4130}.Debug|Any CPU.ActiveCfg = Debug|Any CPU
		{864E0DBD-B398-4D3A-AFCC-9903F51F4130}.Debug|Any CPU.Build.0 = Debug|Any CPU
		{864E0DBD-B398-4D3A-AFCC-9903F51F4130}.Release|Any CPU.ActiveCfg = Release|Any CPU
		{864E0DBD-B398-4D3A-AFCC-9903F51F4130}.Release|Any CPU.Build.0 = Release|Any CPU
	EndGlobalSection
	GlobalSection(SolutionProperties) = preSolution
		HideSolutionNode = FALSE
	EndGlobalSection
	GlobalSection(ExtensibilityGlobals) = postSolution
		SolutionGuid = {0F13C3E2-A572-4A39-BA53-0A53642D9AE3}
	EndGlobalSection
EndGlobal
